
Microsoft Visual Studio Solution File, Format Version 12.00
# Visual Studio 14
VisualStudioVersion = 14.0.24720.0
MinimumVisualStudioVersion = 10.0.40219.1
Project("{FAE04EC0-301F-11D3-BF4B-00C04F79EFBC}") = "fad2", "fad2\fad2.csproj", "{381A587B-15F6-4E93-8928-A3B16B10BA72}"
EndProject
Project("{FAE04EC0-301F-11D3-BF4B-00C04F79EFBC}") = "fadBackend", "fadBackend\fadBackend.csproj", "{52246356-773F-45A7-9FED-381B04193C3F}"
EndProject
Global
	GlobalSection(SolutionConfigurationPlatforms) = preSolution
		Debug|Any CPU = Debug|Any CPU
		Release|Any CPU = Release|Any CPU
	EndGlobalSection
	GlobalSection(ProjectConfigurationPlatforms) = postSolution
		{381A587B-15F6-4E93-8928-A3B16B10BA72}.Debug|Any CPU.ActiveCfg = Debug|Any CPU
		{381A587B-15F6-4E93-8928-A3B16B10BA72}.Debug|Any CPU.Build.0 = Debug|Any CPU
		{381A587B-15F6-4E93-8928-A3B16B10BA72}.Release|Any CPU.ActiveCfg = Release|Any CPU
		{381A587B-15F6-4E93-8928-A3B16B10BA72}.Release|Any CPU.Build.0 = Release|Any CPU
		{52246356-773F-45A7-9FED-381B04193C3F}.Debug|Any CPU.ActiveCfg = Debug|Any CPU
		{52246356-773F-45A7-9FED-381B04193C3F}.Debug|Any CPU.Build.0 = Debug|Any CPU
		{52246356-773F-45A7-9FED-381B04193C3F}.Release|Any CPU.ActiveCfg = Release|Any CPU
		{52246356-773F-45A7-9FED-381B04193C3F}.Release|Any CPU.Build.0 = Release|Any CPU
	EndGlobalSection
	GlobalSection(SolutionProperties) = preSolution
		HideSolutionNode = FALSE
	EndGlobalSection
EndGlobal
